// !$*UTF8*$!
{
	archiveVersion = 1;
	classes = {
	};
	objectVersion = 56;
	objects = {

/* Begin PBXBuildFile section */
		1BF3886629F4D94800C57DFF /* Typealias.swift in Sources */ = {isa = PBXBuildFile; fileRef = 1BF3886529F4D94800C57DFF /* Typealias.swift */; };
		1BF3886C29F4F8B200C57DFF /* MessageStorageModel.xcdatamodeld in Sources */ = {isa = PBXBuildFile; fileRef = 1BF3886A29F4F8B200C57DFF /* MessageStorageModel.xcdatamodeld */; };
		1BF3887429F5678F00C57DFF /* ErrorViewController.swift in Sources */ = {isa = PBXBuildFile; fileRef = 1BF3887229F5678F00C57DFF /* ErrorViewController.swift */; };
		1BF3887529F5678F00C57DFF /* ErrorViewController.xib in Resources */ = {isa = PBXBuildFile; fileRef = 1BF3887329F5678F00C57DFF /* ErrorViewController.xib */; };
		1BF3887729F57B3200C57DFF /* IconsMessageRequest.swift in Sources */ = {isa = PBXBuildFile; fileRef = 1BF3887629F57B3200C57DFF /* IconsMessageRequest.swift */; };
		1BF3887A29F5B01300C57DFF /* IconsModel.swift in Sources */ = {isa = PBXBuildFile; fileRef = 1BF3887929F5B01300C57DFF /* IconsModel.swift */; };
		1BF3888629F5D72C00C57DFF /* Colors.swift in Sources */ = {isa = PBXBuildFile; fileRef = 1BF3888529F5D72C00C57DFF /* Colors.swift */; };
		1BFF52CD29F09AB300B3611B /* AppDelegate.swift in Sources */ = {isa = PBXBuildFile; fileRef = 1BFF52CC29F09AB300B3611B /* AppDelegate.swift */; };
		1BFF52D629F09AB400B3611B /* Assets.xcassets in Resources */ = {isa = PBXBuildFile; fileRef = 1BFF52D529F09AB400B3611B /* Assets.xcassets */; };
		1BFF52D929F09AB400B3611B /* LaunchScreen.storyboard in Resources */ = {isa = PBXBuildFile; fileRef = 1BFF52D729F09AB400B3611B /* LaunchScreen.storyboard */; };
		1BFF530029F09BFD00B3611B /* MessageViewController.swift in Sources */ = {isa = PBXBuildFile; fileRef = 1BFF52FE29F09BFD00B3611B /* MessageViewController.swift */; };
		1BFF530129F09BFD00B3611B /* MessageViewController.xib in Resources */ = {isa = PBXBuildFile; fileRef = 1BFF52FF29F09BFD00B3611B /* MessageViewController.xib */; };
		1BFF530629F09E1400B3611B /* MessageTableViewDataSource.swift in Sources */ = {isa = PBXBuildFile; fileRef = 1BFF530529F09E1400B3611B /* MessageTableViewDataSource.swift */; };
		1BFF530829F09E2000B3611B /* MessageTableViewDelegate.swift in Sources */ = {isa = PBXBuildFile; fileRef = 1BFF530729F09E2000B3611B /* MessageTableViewDelegate.swift */; };
		1BFF530D29F09F3900B3611B /* MessagesRequest.swift in Sources */ = {isa = PBXBuildFile; fileRef = 1BFF530C29F09F3900B3611B /* MessagesRequest.swift */; };
		1BFF530F29F09F4500B3611B /* MessagesService.swift in Sources */ = {isa = PBXBuildFile; fileRef = 1BFF530E29F09F4500B3611B /* MessagesService.swift */; };
		1BFF531329F09F8200B3611B /* MessageModuleBuilder.swift in Sources */ = {isa = PBXBuildFile; fileRef = 1BFF531229F09F8200B3611B /* MessageModuleBuilder.swift */; };
		1BFF531929F0A0EB00B3611B /* MessagePresenter.swift in Sources */ = {isa = PBXBuildFile; fileRef = 1BFF531829F0A0EB00B3611B /* MessagePresenter.swift */; };
		1BFF531B29F0A33F00B3611B /* MessagesRequestModel.swift in Sources */ = {isa = PBXBuildFile; fileRef = 1BFF531A29F0A33F00B3611B /* MessagesRequestModel.swift */; };
		1BFF532329F188EC00B3611B /* UITextField.swift in Sources */ = {isa = PBXBuildFile; fileRef = 1BFF532229F188EC00B3611B /* UITextField.swift */; };
		1BFF532529F1A0A200B3611B /* UIViewController.swift in Sources */ = {isa = PBXBuildFile; fileRef = 1BFF532429F1A0A200B3611B /* UIViewController.swift */; };
		1BFF532729F1AE8F00B3611B /* MessageTableViewAdapter.swift in Sources */ = {isa = PBXBuildFile; fileRef = 1BFF532629F1AE8F00B3611B /* MessageTableViewAdapter.swift */; };
		1BFF532C29F1E91100B3611B /* MessageTableViewCell.swift in Sources */ = {isa = PBXBuildFile; fileRef = 1BFF532A29F1E91100B3611B /* MessageTableViewCell.swift */; };
		1BFF532D29F1E91100B3611B /* MessageTableViewCell.xib in Resources */ = {isa = PBXBuildFile; fileRef = 1BFF532B29F1E91100B3611B /* MessageTableViewCell.xib */; };
		1BFF532F29F1EE3500B3611B /* PaddingLabel.swift in Sources */ = {isa = PBXBuildFile; fileRef = 1BFF532E29F1EE3500B3611B /* PaddingLabel.swift */; };
		1BFF533329F1EFA300B3611B /* DescriptionViewController.swift in Sources */ = {isa = PBXBuildFile; fileRef = 1BFF533129F1EFA300B3611B /* DescriptionViewController.swift */; };
		1BFF533429F1EFA300B3611B /* DescriptionViewController.xib in Resources */ = {isa = PBXBuildFile; fileRef = 1BFF533229F1EFA300B3611B /* DescriptionViewController.xib */; };
		1BFF533629F2D3F700B3611B /* StorageService.swift in Sources */ = {isa = PBXBuildFile; fileRef = 1BFF533529F2D3F700B3611B /* StorageService.swift */; };
/* End PBXBuildFile section */

/* Begin PBXFileReference section */
		1BF3886529F4D94800C57DFF /* Typealias.swift */ = {isa = PBXFileReference; lastKnownFileType = sourcecode.swift; path = Typealias.swift; sourceTree = "<group>"; };
		1BF3886B29F4F8B200C57DFF /* MessageStorageModel.xcdatamodel */ = {isa = PBXFileReference; lastKnownFileType = wrapper.xcdatamodel; path = MessageStorageModel.xcdatamodel; sourceTree = "<group>"; };
		1BF3887229F5678F00C57DFF /* ErrorViewController.swift */ = {isa = PBXFileReference; lastKnownFileType = sourcecode.swift; path = ErrorViewController.swift; sourceTree = "<group>"; };
		1BF3887329F5678F00C57DFF /* ErrorViewController.xib */ = {isa = PBXFileReference; lastKnownFileType = file.xib; path = ErrorViewController.xib; sourceTree = "<group>"; };
		1BF3887629F57B3200C57DFF /* IconsMessageRequest.swift */ = {isa = PBXFileReference; lastKnownFileType = sourcecode.swift; path = IconsMessageRequest.swift; sourceTree = "<group>"; };
		1BF3887929F5B01300C57DFF /* IconsModel.swift */ = {isa = PBXFileReference; lastKnownFileType = sourcecode.swift; path = IconsModel.swift; sourceTree = "<group>"; };
		1BF3888529F5D72C00C57DFF /* Colors.swift */ = {isa = PBXFileReference; lastKnownFileType = sourcecode.swift; path = Colors.swift; sourceTree = "<group>"; };
		1BFF52C929F09AB300B3611B /* InvoltaTestovoe.app */ = {isa = PBXFileReference; explicitFileType = wrapper.application; includeInIndex = 0; path = InvoltaTestovoe.app; sourceTree = BUILT_PRODUCTS_DIR; };
		1BFF52CC29F09AB300B3611B /* AppDelegate.swift */ = {isa = PBXFileReference; lastKnownFileType = sourcecode.swift; path = AppDelegate.swift; sourceTree = "<group>"; };
		1BFF52D529F09AB400B3611B /* Assets.xcassets */ = {isa = PBXFileReference; lastKnownFileType = folder.assetcatalog; path = Assets.xcassets; sourceTree = "<group>"; };
		1BFF52D829F09AB400B3611B /* Base */ = {isa = PBXFileReference; lastKnownFileType = file.storyboard; name = Base; path = Base.lproj/LaunchScreen.storyboard; sourceTree = "<group>"; };
		1BFF52DA29F09AB400B3611B /* Info.plist */ = {isa = PBXFileReference; lastKnownFileType = text.plist.xml; path = Info.plist; sourceTree = "<group>"; };
		1BFF52FE29F09BFD00B3611B /* MessageViewController.swift */ = {isa = PBXFileReference; lastKnownFileType = sourcecode.swift; path = MessageViewController.swift; sourceTree = "<group>"; };
		1BFF52FF29F09BFD00B3611B /* MessageViewController.xib */ = {isa = PBXFileReference; lastKnownFileType = file.xib; path = MessageViewController.xib; sourceTree = "<group>"; };
		1BFF530529F09E1400B3611B /* MessageTableViewDataSource.swift */ = {isa = PBXFileReference; lastKnownFileType = sourcecode.swift; path = MessageTableViewDataSource.swift; sourceTree = "<group>"; };
		1BFF530729F09E2000B3611B /* MessageTableViewDelegate.swift */ = {isa = PBXFileReference; lastKnownFileType = sourcecode.swift; path = MessageTableViewDelegate.swift; sourceTree = "<group>"; };
		1BFF530C29F09F3900B3611B /* MessagesRequest.swift */ = {isa = PBXFileReference; lastKnownFileType = sourcecode.swift; path = MessagesRequest.swift; sourceTree = "<group>"; };
		1BFF530E29F09F4500B3611B /* MessagesService.swift */ = {isa = PBXFileReference; lastKnownFileType = sourcecode.swift; path = MessagesService.swift; sourceTree = "<group>"; };
		1BFF531229F09F8200B3611B /* MessageModuleBuilder.swift */ = {isa = PBXFileReference; lastKnownFileType = sourcecode.swift; path = MessageModuleBuilder.swift; sourceTree = "<group>"; };
		1BFF531829F0A0EB00B3611B /* MessagePresenter.swift */ = {isa = PBXFileReference; lastKnownFileType = sourcecode.swift; path = MessagePresenter.swift; sourceTree = "<group>"; };
		1BFF531A29F0A33F00B3611B /* MessagesRequestModel.swift */ = {isa = PBXFileReference; lastKnownFileType = sourcecode.swift; path = MessagesRequestModel.swift; sourceTree = "<group>"; };
		1BFF532229F188EC00B3611B /* UITextField.swift */ = {isa = PBXFileReference; lastKnownFileType = sourcecode.swift; path = UITextField.swift; sourceTree = "<group>"; };
		1BFF532429F1A0A200B3611B /* UIViewController.swift */ = {isa = PBXFileReference; lastKnownFileType = sourcecode.swift; path = UIViewController.swift; sourceTree = "<group>"; };
		1BFF532629F1AE8F00B3611B /* MessageTableViewAdapter.swift */ = {isa = PBXFileReference; lastKnownFileType = sourcecode.swift; path = MessageTableViewAdapter.swift; sourceTree = "<group>"; };
		1BFF532A29F1E91100B3611B /* MessageTableViewCell.swift */ = {isa = PBXFileReference; lastKnownFileType = sourcecode.swift; path = MessageTableViewCell.swift; sourceTree = "<group>"; };
		1BFF532B29F1E91100B3611B /* MessageTableViewCell.xib */ = {isa = PBXFileReference; lastKnownFileType = file.xib; path = MessageTableViewCell.xib; sourceTree = "<group>"; };
		1BFF532E29F1EE3500B3611B /* PaddingLabel.swift */ = {isa = PBXFileReference; lastKnownFileType = sourcecode.swift; path = PaddingLabel.swift; sourceTree = "<group>"; };
		1BFF533129F1EFA300B3611B /* DescriptionViewController.swift */ = {isa = PBXFileReference; lastKnownFileType = sourcecode.swift; path = DescriptionViewController.swift; sourceTree = "<group>"; };
		1BFF533229F1EFA300B3611B /* DescriptionViewController.xib */ = {isa = PBXFileReference; lastKnownFileType = file.xib; path = DescriptionViewController.xib; sourceTree = "<group>"; };
		1BFF533529F2D3F700B3611B /* StorageService.swift */ = {isa = PBXFileReference; lastKnownFileType = sourcecode.swift; path = StorageService.swift; sourceTree = "<group>"; };
/* End PBXFileReference section */

/* Begin PBXFrameworksBuildPhase section */
		1BFF52C629F09AB300B3611B /* Frameworks */ = {
			isa = PBXFrameworksBuildPhase;
			buildActionMask = 2147483647;
			files = (
			);
			runOnlyForDeploymentPostprocessing = 0;
		};
/* End PBXFrameworksBuildPhase section */

/* Begin PBXGroup section */
		1BF3886F29F55BBE00C57DFF /* Storage */ = {
			isa = PBXGroup;
			children = (
				1BFF533529F2D3F700B3611B /* StorageService.swift */,
				1BF3886A29F4F8B200C57DFF /* MessageStorageModel.xcdatamodeld */,
			);
			path = Storage;
			sourceTree = "<group>";
		};
		1BF3887029F55BC800C57DFF /* Network */ = {
			isa = PBXGroup;
			children = (
				1BFF530C29F09F3900B3611B /* MessagesRequest.swift */,
				1BFF530E29F09F4500B3611B /* MessagesService.swift */,
				1BFF531A29F0A33F00B3611B /* MessagesRequestModel.swift */,
				1BF3887629F57B3200C57DFF /* IconsMessageRequest.swift */,
				1BF3887929F5B01300C57DFF /* IconsModel.swift */,
			);
			path = Network;
			sourceTree = "<group>";
		};
		1BF3887129F5676100C57DFF /* ErrorScreen */ = {
			isa = PBXGroup;
			children = (
				1BF3887229F5678F00C57DFF /* ErrorViewController.swift */,
				1BF3887329F5678F00C57DFF /* ErrorViewController.xib */,
			);
			path = ErrorScreen;
			sourceTree = "<group>";
		};
		1BFF52C029F09AB300B3611B = {
			isa = PBXGroup;
			children = (
				1BFF52CB29F09AB300B3611B /* InvoltaTestovoe */,
				1BFF52CA29F09AB300B3611B /* Products */,
			);
			sourceTree = "<group>";
		};
		1BFF52CA29F09AB300B3611B /* Products */ = {
			isa = PBXGroup;
			children = (
				1BFF52C929F09AB300B3611B /* InvoltaTestovoe.app */,
			);
			name = Products;
			sourceTree = "<group>";
		};
		1BFF52CB29F09AB300B3611B /* InvoltaTestovoe */ = {
			isa = PBXGroup;
			children = (
				1BFF531029F09F5A00B3611B /* MessagesModule */,
				1BFF530B29F09F2A00B3611B /* Services */,
				1BFF530229F09CAF00B3611B /* Source */,
				1BFF52DA29F09AB400B3611B /* Info.plist */,
			);
			path = InvoltaTestovoe;
			sourceTree = "<group>";
		};
		1BFF530229F09CAF00B3611B /* Source */ = {
			isa = PBXGroup;
			children = (
				1BFF532129F188DD00B3611B /* UIKit+Typealias */,
				1BFF52CC29F09AB300B3611B /* AppDelegate.swift */,
				1BFF52D529F09AB400B3611B /* Assets.xcassets */,
				1BFF52D729F09AB400B3611B /* LaunchScreen.storyboard */,
				1BF3888529F5D72C00C57DFF /* Colors.swift */,
			);
			path = Source;
			sourceTree = "<group>";
		};
		1BFF530329F09CCA00B3611B /* MessageViewController */ = {
			isa = PBXGroup;
			children = (
				1BFF531C29F148F100B3611B /* MessageTableCell */,
				1BFF530429F09DF300B3611B /* MessageTableViewSource */,
				1BFF533029F1EF6000B3611B /* DescriptionView */,
				1BFF52FE29F09BFD00B3611B /* MessageViewController.swift */,
				1BFF52FF29F09BFD00B3611B /* MessageViewController.xib */,
			);
			path = MessageViewController;
			sourceTree = "<group>";
		};
		1BFF530429F09DF300B3611B /* MessageTableViewSource */ = {
			isa = PBXGroup;
			children = (
				1BFF530529F09E1400B3611B /* MessageTableViewDataSource.swift */,
				1BFF530729F09E2000B3611B /* MessageTableViewDelegate.swift */,
				1BFF532629F1AE8F00B3611B /* MessageTableViewAdapter.swift */,
			);
			path = MessageTableViewSource;
			sourceTree = "<group>";
		};
		1BFF530B29F09F2A00B3611B /* Services */ = {
			isa = PBXGroup;
			children = (
				1BF3887029F55BC800C57DFF /* Network */,
				1BF3886F29F55BBE00C57DFF /* Storage */,
			);
			path = Services;
			sourceTree = "<group>";
		};
		1BFF531029F09F5A00B3611B /* MessagesModule */ = {
			isa = PBXGroup;
			children = (
				1BFF531129F09F6600B3611B /* MessageModuleBuilder */,
				1BFF531729F0A0AF00B3611B /* MessagePresenter */,
				1BFF530329F09CCA00B3611B /* MessageViewController */,
			);
			path = MessagesModule;
			sourceTree = "<group>";
		};
		1BFF531129F09F6600B3611B /* MessageModuleBuilder */ = {
			isa = PBXGroup;
			children = (
				1BFF531229F09F8200B3611B /* MessageModuleBuilder.swift */,
			);
			path = MessageModuleBuilder;
			sourceTree = "<group>";
		};
		1BFF531729F0A0AF00B3611B /* MessagePresenter */ = {
			isa = PBXGroup;
			children = (
				1BFF531829F0A0EB00B3611B /* MessagePresenter.swift */,
			);
			path = MessagePresenter;
			sourceTree = "<group>";
		};
		1BFF531C29F148F100B3611B /* MessageTableCell */ = {
			isa = PBXGroup;
			children = (
				1BFF532A29F1E91100B3611B /* MessageTableViewCell.swift */,
				1BFF532B29F1E91100B3611B /* MessageTableViewCell.xib */,
			);
			path = MessageTableCell;
			sourceTree = "<group>";
		};
		1BFF532129F188DD00B3611B /* UIKit+Typealias */ = {
			isa = PBXGroup;
			children = (
				1BF3887129F5676100C57DFF /* ErrorScreen */,
				1BF3886529F4D94800C57DFF /* Typealias.swift */,
				1BFF532229F188EC00B3611B /* UITextField.swift */,
				1BFF532429F1A0A200B3611B /* UIViewController.swift */,
				1BFF532E29F1EE3500B3611B /* PaddingLabel.swift */,
			);
			path = "UIKit+Typealias";
			sourceTree = "<group>";
		};
		1BFF533029F1EF6000B3611B /* DescriptionView */ = {
			isa = PBXGroup;
			children = (
				1BFF533129F1EFA300B3611B /* DescriptionViewController.swift */,
				1BFF533229F1EFA300B3611B /* DescriptionViewController.xib */,
			);
			path = DescriptionView;
			sourceTree = "<group>";
		};
/* End PBXGroup section */

/* Begin PBXNativeTarget section */
		1BFF52C829F09AB300B3611B /* InvoltaTestovoe */ = {
			isa = PBXNativeTarget;
			buildConfigurationList = 1BFF52F329F09AB400B3611B /* Build configuration list for PBXNativeTarget "InvoltaTestovoe" */;
			buildPhases = (
				1BFF52C529F09AB300B3611B /* Sources */,
				1BFF52C629F09AB300B3611B /* Frameworks */,
				1BFF52C729F09AB300B3611B /* Resources */,
			);
			buildRules = (
			);
			dependencies = (
			);
			name = InvoltaTestovoe;
			productName = InvoltaTestovoe;
			productReference = 1BFF52C929F09AB300B3611B /* InvoltaTestovoe.app */;
			productType = "com.apple.product-type.application";
		};
/* End PBXNativeTarget section */

/* Begin PBXProject section */
		1BFF52C129F09AB300B3611B /* Project object */ = {
			isa = PBXProject;
			attributes = {
				BuildIndependentTargetsInParallel = 1;
				LastSwiftUpdateCheck = 1430;
				LastUpgradeCheck = 1430;
				TargetAttributes = {
					1BFF52C829F09AB300B3611B = {
						CreatedOnToolsVersion = 14.3;
					};
				};
			};
			buildConfigurationList = 1BFF52C429F09AB300B3611B /* Build configuration list for PBXProject "InvoltaTestovoe" */;
			compatibilityVersion = "Xcode 14.0";
			developmentRegion = en;
			hasScannedForEncodings = 0;
			knownRegions = (
				en,
				Base,
			);
			mainGroup = 1BFF52C029F09AB300B3611B;
			productRefGroup = 1BFF52CA29F09AB300B3611B /* Products */;
			projectDirPath = "";
			projectRoot = "";
			targets = (
				1BFF52C829F09AB300B3611B /* InvoltaTestovoe */,
			);
		};
/* End PBXProject section */

/* Begin PBXResourcesBuildPhase section */
		1BFF52C729F09AB300B3611B /* Resources */ = {
			isa = PBXResourcesBuildPhase;
			buildActionMask = 2147483647;
			files = (
				1BFF52D929F09AB400B3611B /* LaunchScreen.storyboard in Resources */,
				1BFF532D29F1E91100B3611B /* MessageTableViewCell.xib in Resources */,
				1BFF52D629F09AB400B3611B /* Assets.xcassets in Resources */,
				1BF3887529F5678F00C57DFF /* ErrorViewController.xib in Resources */,
				1BFF533429F1EFA300B3611B /* DescriptionViewController.xib in Resources */,
				1BFF530129F09BFD00B3611B /* MessageViewController.xib in Resources */,
			);
			runOnlyForDeploymentPostprocessing = 0;
		};
/* End PBXResourcesBuildPhase section */

/* Begin PBXSourcesBuildPhase section */
		1BFF52C529F09AB300B3611B /* Sources */ = {
			isa = PBXSourcesBuildPhase;
			buildActionMask = 2147483647;
			files = (
				1BF3888629F5D72C00C57DFF /* Colors.swift in Sources */,
				1BFF530629F09E1400B3611B /* MessageTableViewDataSource.swift in Sources */,
				1BFF530829F09E2000B3611B /* MessageTableViewDelegate.swift in Sources */,
				1BF3887A29F5B01300C57DFF /* IconsModel.swift in Sources */,
				1BFF531929F0A0EB00B3611B /* MessagePresenter.swift in Sources */,
				1BFF531329F09F8200B3611B /* MessageModuleBuilder.swift in Sources */,
				1BFF531B29F0A33F00B3611B /* MessagesRequestModel.swift in Sources */,
				1BFF533629F2D3F700B3611B /* StorageService.swift in Sources */,
				1BFF532329F188EC00B3611B /* UITextField.swift in Sources */,
				1BFF532F29F1EE3500B3611B /* PaddingLabel.swift in Sources */,
				1BF3886C29F4F8B200C57DFF /* MessageStorageModel.xcdatamodeld in Sources */,
				1BFF530029F09BFD00B3611B /* MessageViewController.swift in Sources */,
				1BFF532C29F1E91100B3611B /* MessageTableViewCell.swift in Sources */,
				1BFF532529F1A0A200B3611B /* UIViewController.swift in Sources */,
				1BFF532729F1AE8F00B3611B /* MessageTableViewAdapter.swift in Sources */,
				1BFF530F29F09F4500B3611B /* MessagesService.swift in Sources */,
				1BF3886629F4D94800C57DFF /* Typealias.swift in Sources */,
				1BF3887729F57B3200C57DFF /* IconsMessageRequest.swift in Sources */,
				1BFF533329F1EFA300B3611B /* DescriptionViewController.swift in Sources */,
				1BF3887429F5678F00C57DFF /* ErrorViewController.swift in Sources */,
				1BFF52CD29F09AB300B3611B /* AppDelegate.swift in Sources */,
				1BFF530D29F09F3900B3611B /* MessagesRequest.swift in Sources */,
			);
			runOnlyForDeploymentPostprocessing = 0;
		};
/* End PBXSourcesBuildPhase section */

/* Begin PBXVariantGroup section */
		1BFF52D729F09AB400B3611B /* LaunchScreen.storyboard */ = {
			isa = PBXVariantGroup;
			children = (
				1BFF52D829F09AB400B3611B /* Base */,
			);
			name = LaunchScreen.storyboard;
			sourceTree = "<group>";
		};
/* End PBXVariantGroup section */

/* Begin XCBuildConfiguration section */
		1BFF52F129F09AB400B3611B /* Debug */ = {
			isa = XCBuildConfiguration;
			buildSettings = {
				ALWAYS_SEARCH_USER_PATHS = NO;
				CLANG_ANALYZER_NONNULL = YES;
				CLANG_ANALYZER_NUMBER_OBJECT_CONVERSION = YES_AGGRESSIVE;
				CLANG_CXX_LANGUAGE_STANDARD = "gnu++20";
				CLANG_ENABLE_MODULES = YES;
				CLANG_ENABLE_OBJC_ARC = YES;
				CLANG_ENABLE_OBJC_WEAK = YES;
				CLANG_WARN_BLOCK_CAPTURE_AUTORELEASING = YES;
				CLANG_WARN_BOOL_CONVERSION = YES;
				CLANG_WARN_COMMA = YES;
				CLANG_WARN_CONSTANT_CONVERSION = YES;
				CLANG_WARN_DEPRECATED_OBJC_IMPLEMENTATIONS = YES;
				CLANG_WARN_DIRECT_OBJC_ISA_USAGE = YES_ERROR;
				CLANG_WARN_DOCUMENTATION_COMMENTS = YES;
				CLANG_WARN_EMPTY_BODY = YES;
				CLANG_WARN_ENUM_CONVERSION = YES;
				CLANG_WARN_INFINITE_RECURSION = YES;
				CLANG_WARN_INT_CONVERSION = YES;
				CLANG_WARN_NON_LITERAL_NULL_CONVERSION = YES;
				CLANG_WARN_OBJC_IMPLICIT_RETAIN_SELF = YES;
				CLANG_WARN_OBJC_LITERAL_CONVERSION = YES;
				CLANG_WARN_OBJC_ROOT_CLASS = YES_ERROR;
				CLANG_WARN_QUOTED_INCLUDE_IN_FRAMEWORK_HEADER = YES;
				CLANG_WARN_RANGE_LOOP_ANALYSIS = YES;
				CLANG_WARN_STRICT_PROTOTYPES = YES;
				CLANG_WARN_SUSPICIOUS_MOVE = YES;
				CLANG_WARN_UNGUARDED_AVAILABILITY = YES_AGGRESSIVE;
				CLANG_WARN_UNREACHABLE_CODE = YES;
				CLANG_WARN__DUPLICATE_METHOD_MATCH = YES;
				COPY_PHASE_STRIP = NO;
				DEBUG_INFORMATION_FORMAT = dwarf;
				ENABLE_STRICT_OBJC_MSGSEND = YES;
				ENABLE_TESTABILITY = YES;
				GCC_C_LANGUAGE_STANDARD = gnu11;
				GCC_DYNAMIC_NO_PIC = NO;
				GCC_NO_COMMON_BLOCKS = YES;
				GCC_OPTIMIZATION_LEVEL = 0;
				GCC_PREPROCESSOR_DEFINITIONS = (
					"DEBUG=1",
					"$(inherited)",
				);
				GCC_WARN_64_TO_32_BIT_CONVERSION = YES;
				GCC_WARN_ABOUT_RETURN_TYPE = YES_ERROR;
				GCC_WARN_UNDECLARED_SELECTOR = YES;
				GCC_WARN_UNINITIALIZED_AUTOS = YES_AGGRESSIVE;
				GCC_WARN_UNUSED_FUNCTION = YES;
				GCC_WARN_UNUSED_VARIABLE = YES;
				IPHONEOS_DEPLOYMENT_TARGET = 16.4;
				MTL_ENABLE_DEBUG_INFO = INCLUDE_SOURCE;
				MTL_FAST_MATH = YES;
				ONLY_ACTIVE_ARCH = YES;
				SDKROOT = iphoneos;
				SWIFT_ACTIVE_COMPILATION_CONDITIONS = DEBUG;
				SWIFT_OPTIMIZATION_LEVEL = "-Onone";
			};
			name = Debug;
		};
		1BFF52F229F09AB400B3611B /* Release */ = {
			isa = XCBuildConfiguration;
			buildSettings = {
				ALWAYS_SEARCH_USER_PATHS = NO;
				CLANG_ANALYZER_NONNULL = YES;
				CLANG_ANALYZER_NUMBER_OBJECT_CONVERSION = YES_AGGRESSIVE;
				CLANG_CXX_LANGUAGE_STANDARD = "gnu++20";
				CLANG_ENABLE_MODULES = YES;
				CLANG_ENABLE_OBJC_ARC = YES;
				CLANG_ENABLE_OBJC_WEAK = YES;
				CLANG_WARN_BLOCK_CAPTURE_AUTORELEASING = YES;
				CLANG_WARN_BOOL_CONVERSION = YES;
				CLANG_WARN_COMMA = YES;
				CLANG_WARN_CONSTANT_CONVERSION = YES;
				CLANG_WARN_DEPRECATED_OBJC_IMPLEMENTATIONS = YES;
				CLANG_WARN_DIRECT_OBJC_ISA_USAGE = YES_ERROR;
				CLANG_WARN_DOCUMENTATION_COMMENTS = YES;
				CLANG_WARN_EMPTY_BODY = YES;
				CLANG_WARN_ENUM_CONVERSION = YES;
				CLANG_WARN_INFINITE_RECURSION = YES;
				CLANG_WARN_INT_CONVERSION = YES;
				CLANG_WARN_NON_LITERAL_NULL_CONVERSION = YES;
				CLANG_WARN_OBJC_IMPLICIT_RETAIN_SELF = YES;
				CLANG_WARN_OBJC_LITERAL_CONVERSION = YES;
				CLANG_WARN_OBJC_ROOT_CLASS = YES_ERROR;
				CLANG_WARN_QUOTED_INCLUDE_IN_FRAMEWORK_HEADER = YES;
				CLANG_WARN_RANGE_LOOP_ANALYSIS = YES;
				CLANG_WARN_STRICT_PROTOTYPES = YES;
				CLANG_WARN_SUSPICIOUS_MOVE = YES;
				CLANG_WARN_UNGUARDED_AVAILABILITY = YES_AGGRESSIVE;
				CLANG_WARN_UNREACHABLE_CODE = YES;
				CLANG_WARN__DUPLICATE_METHOD_MATCH = YES;
				COPY_PHASE_STRIP = NO;
				DEBUG_INFORMATION_FORMAT = "dwarf-with-dsym";
				ENABLE_NS_ASSERTIONS = NO;
				ENABLE_STRICT_OBJC_MSGSEND = YES;
				GCC_C_LANGUAGE_STANDARD = gnu11;
				GCC_NO_COMMON_BLOCKS = YES;
				GCC_WARN_64_TO_32_BIT_CONVERSION = YES;
				GCC_WARN_ABOUT_RETURN_TYPE = YES_ERROR;
				GCC_WARN_UNDECLARED_SELECTOR = YES;
				GCC_WARN_UNINITIALIZED_AUTOS = YES_AGGRESSIVE;
				GCC_WARN_UNUSED_FUNCTION = YES;
				GCC_WARN_UNUSED_VARIABLE = YES;
				IPHONEOS_DEPLOYMENT_TARGET = 16.4;
				MTL_ENABLE_DEBUG_INFO = NO;
				MTL_FAST_MATH = YES;
				SDKROOT = iphoneos;
				SWIFT_COMPILATION_MODE = wholemodule;
				SWIFT_OPTIMIZATION_LEVEL = "-O";
				VALIDATE_PRODUCT = YES;
			};
			name = Release;
		};
		1BFF52F429F09AB400B3611B /* Debug */ = {
			isa = XCBuildConfiguration;
			buildSettings = {
				ASSETCATALOG_COMPILER_APPICON_NAME = AppIcon;
				ASSETCATALOG_COMPILER_GLOBAL_ACCENT_COLOR_NAME = AccentColor;
				CODE_SIGN_STYLE = Automatic;
				CURRENT_PROJECT_VERSION = 1;
				DEVELOPMENT_TEAM = 638JMZXLWD;
				GENERATE_INFOPLIST_FILE = YES;
				INFOPLIST_FILE = InvoltaTestovoe/Info.plist;
				INFOPLIST_KEY_UIApplicationSupportsIndirectInputEvents = YES;
				INFOPLIST_KEY_UILaunchStoryboardName = LaunchScreen;
				INFOPLIST_KEY_UISupportedInterfaceOrientations_iPad = "UIInterfaceOrientationPortrait UIInterfaceOrientationPortraitUpsideDown UIInterfaceOrientationLandscapeLeft UIInterfaceOrientationLandscapeRight";
				INFOPLIST_KEY_UISupportedInterfaceOrientations_iPhone = "UIInterfaceOrientationPortrait UIInterfaceOrientationLandscapeLeft UIInterfaceOrientationLandscapeRight";
				LD_RUNPATH_SEARCH_PATHS = (
					"$(inherited)",
					"@executable_path/Frameworks",
				);
				MARKETING_VERSION = 1.0;
				PRODUCT_BUNDLE_IDENTIFIER = com.personalProject.InvoltaTestovoe;
				PRODUCT_NAME = "$(TARGET_NAME)";
				SWIFT_EMIT_LOC_STRINGS = YES;
				SWIFT_VERSION = 5.0;
				TARGETED_DEVICE_FAMILY = "1,2";
			};
			name = Debug;
		};
		1BFF52F529F09AB400B3611B /* Release */ = {
			isa = XCBuildConfiguration;
			buildSettings = {
				ASSETCATALOG_COMPILER_APPICON_NAME = AppIcon;
				ASSETCATALOG_COMPILER_GLOBAL_ACCENT_COLOR_NAME = AccentColor;
				CODE_SIGN_STYLE = Automatic;
				CURRENT_PROJECT_VERSION = 1;
				DEVELOPMENT_TEAM = 638JMZXLWD;
				GENERATE_INFOPLIST_FILE = YES;
				INFOPLIST_FILE = InvoltaTestovoe/Info.plist;
				INFOPLIST_KEY_UIApplicationSupportsIndirectInputEvents = YES;
				INFOPLIST_KEY_UILaunchStoryboardName = LaunchScreen;
				INFOPLIST_KEY_UISupportedInterfaceOrientations_iPad = "UIInterfaceOrientationPortrait UIInterfaceOrientationPortraitUpsideDown UIInterfaceOrientationLandscapeLeft UIInterfaceOrientationLandscapeRight";
				INFOPLIST_KEY_UISupportedInterfaceOrientations_iPhone = "UIInterfaceOrientationPortrait UIInterfaceOrientationLandscapeLeft UIInterfaceOrientationLandscapeRight";
				LD_RUNPATH_SEARCH_PATHS = (
					"$(inherited)",
					"@executable_path/Frameworks",
				);
				MARKETING_VERSION = 1.0;
				PRODUCT_BUNDLE_IDENTIFIER = com.personalProject.InvoltaTestovoe;
				PRODUCT_NAME = "$(TARGET_NAME)";
				SWIFT_EMIT_LOC_STRINGS = YES;
				SWIFT_VERSION = 5.0;
				TARGETED_DEVICE_FAMILY = "1,2";
			};
			name = Release;
		};
/* End XCBuildConfiguration section */

/* Begin XCConfigurationList section */
		1BFF52C429F09AB300B3611B /* Build configuration list for PBXProject "InvoltaTestovoe" */ = {
			isa = XCConfigurationList;
			buildConfigurations = (
				1BFF52F129F09AB400B3611B /* Debug */,
				1BFF52F229F09AB400B3611B /* Release */,
			);
			defaultConfigurationIsVisible = 0;
			defaultConfigurationName = Release;
		};
		1BFF52F329F09AB400B3611B /* Build configuration list for PBXNativeTarget "InvoltaTestovoe" */ = {
			isa = XCConfigurationList;
			buildConfigurations = (
				1BFF52F429F09AB400B3611B /* Debug */,
				1BFF52F529F09AB400B3611B /* Release */,
			);
			defaultConfigurationIsVisible = 0;
			defaultConfigurationName = Release;
		};
/* End XCConfigurationList section */

/* Begin XCVersionGroup section */
		1BF3886A29F4F8B200C57DFF /* MessageStorageModel.xcdatamodeld */ = {
			isa = XCVersionGroup;
			children = (
				1BF3886B29F4F8B200C57DFF /* MessageStorageModel.xcdatamodel */,
			);
			currentVersion = 1BF3886B29F4F8B200C57DFF /* MessageStorageModel.xcdatamodel */;
			path = MessageStorageModel.xcdatamodeld;
			sourceTree = "<group>";
			versionGroupType = wrapper.xcdatamodel;
		};
/* End XCVersionGroup section */
	};
	rootObject = 1BFF52C129F09AB300B3611B /* Project object */;
}
